
Microsoft Visual Studio Solution File, Format Version 12.00
# Visual Studio 14
VisualStudioVersion = 14.0.23107.0
MinimumVisualStudioVersion = 10.0.40219.1
Project("{FAE04EC0-301F-11D3-BF4B-00C04F79EFBC}") = "Lab1", "Lab1\Lab1.csproj", "{58236D65-5052-41C0-ABC7-C713758257AA}"
EndProject
Project("{FAE04EC0-301F-11D3-BF4B-00C04F79EFBC}") = "Lab2.BooleanSearcher", "Lab2.BooleanSearcher\Lab2.BooleanSearcher.csproj", "{61D3F748-6B79-4879-9B1E-4DCF1B843FE2}"
EndProject
Project("{FAE04EC0-301F-11D3-BF4B-00C04F79EFBC}") = "Lab2.InverseIndex", "Lab2.InverseIndex\Lab2.InverseIndex.csproj", "{698DFCBE-BDEF-4144-B15A-7760B774CA1F}"
EndProject
Global
	GlobalSection(SolutionConfigurationPlatforms) = preSolution
		Debug|Any CPU = Debug|Any CPU
		Release|Any CPU = Release|Any CPU
	EndGlobalSection
	GlobalSection(ProjectConfigurationPlatforms) = postSolution
		{58236D65-5052-41C0-ABC7-C713758257AA}.Debug|Any CPU.ActiveCfg = Debug|Any CPU
		{58236D65-5052-41C0-ABC7-C713758257AA}.Debug|Any CPU.Build.0 = Debug|Any CPU
		{58236D65-5052-41C0-ABC7-C713758257AA}.Release|Any CPU.ActiveCfg = Release|Any CPU
		{58236D65-5052-41C0-ABC7-C713758257AA}.Release|Any CPU.Build.0 = Release|Any CPU
		{61D3F748-6B79-4879-9B1E-4DCF1B843FE2}.Debug|Any CPU.ActiveCfg = Debug|Any CPU
		{61D3F748-6B79-4879-9B1E-4DCF1B843FE2}.Debug|Any CPU.Build.0 = Debug|Any CPU
		{61D3F748-6B79-4879-9B1E-4DCF1B843FE2}.Release|Any CPU.ActiveCfg = Release|Any CPU
		{61D3F748-6B79-4879-9B1E-4DCF1B843FE2}.Release|Any CPU.Build.0 = Release|Any CPU
		{698DFCBE-BDEF-4144-B15A-7760B774CA1F}.Debug|Any CPU.ActiveCfg = Debug|Any CPU
		{698DFCBE-BDEF-4144-B15A-7760B774CA1F}.Debug|Any CPU.Build.0 = Debug|Any CPU
		{698DFCBE-BDEF-4144-B15A-7760B774CA1F}.Release|Any CPU.ActiveCfg = Release|Any CPU
		{698DFCBE-BDEF-4144-B15A-7760B774CA1F}.Release|Any CPU.Build.0 = Release|Any CPU
	EndGlobalSection
	GlobalSection(SolutionProperties) = preSolution
		HideSolutionNode = FALSE
	EndGlobalSection
EndGlobal
